
Microsoft Visual Studio Solution File, Format Version 12.00
# Visual Studio Version 16
VisualStudioVersion = 16.0.34031.81
MinimumVisualStudioVersion = 10.0.40219.1
Project("{FAE04EC0-301F-11D3-BF4B-00C04F79EFBC}") = "Aprovados", "Aprovados\Aprovados.csproj", "{D43D16F0-0944-4E77-9A0B-568A49482532}"
EndProject
Global
	GlobalSection(SolutionConfigurationPlatforms) = preSolution
		Debug|Any CPU = Debug|Any CPU
		Release|Any CPU = Release|Any CPU
	EndGlobalSection
	GlobalSection(ProjectConfigurationPlatforms) = postSolution
		{D43D16F0-0944-4E77-9A0B-568A49482532}.Debug|Any CPU.ActiveCfg = Debug|Any CPU
		{D43D16F0-0944-4E77-9A0B-568A49482532}.Debug|Any CPU.Build.0 = Debug|Any CPU
		{D43D16F0-0944-4E77-9A0B-568A49482532}.Release|Any CPU.ActiveCfg = Release|Any CPU
		{D43D16F0-0944-4E77-9A0B-568A49482532}.Release|Any CPU.Build.0 = Release|Any CPU
	EndGlobalSection
	GlobalSection(SolutionProperties) = preSolution
		HideSolutionNode = FALSE
	EndGlobalSection
	GlobalSection(ExtensibilityGlobals) = postSolution
		SolutionGuid = {0839C48A-2C1C-44B4-B256-8D256722E45B}
	EndGlobalSection
EndGlobal
